
Microsoft Visual Studio Solution File, Format Version 12.00
# Visual Studio 2012
Project("{FAE04EC0-301F-11D3-BF4B-00C04F79EFBC}") = "HiPolePM", "HiPolePM\HiPolePM.csproj", "{D3C73331-EFFF-4376-A815-B91EC79316B4}"
EndProject
Project("{FAE04EC0-301F-11D3-BF4B-00C04F79EFBC}") = "HiPolePM.iOS", "iOS\HiPolePM.iOS.csproj", "{5377C744-DB88-47AD-BD98-976ED3F5CE7D}"
EndProject
Project("{FAE04EC0-301F-11D3-BF4B-00C04F79EFBC}") = "HiPolePM.Droid", "Droid\HiPolePM.Droid.csproj", "{CFBDB7D3-9D07-4864-9D2A-8C1F0B0A62DB}"
EndProject
Global
	GlobalSection(SolutionConfigurationPlatforms) = preSolution
		Debug|Any CPU = Debug|Any CPU
		Release|Any CPU = Release|Any CPU
		Debug|iPhoneSimulator = Debug|iPhoneSimulator
		Release|iPhone = Release|iPhone
		Release|iPhoneSimulator = Release|iPhoneSimulator
		Debug|iPhone = Debug|iPhone
	EndGlobalSection
	GlobalSection(ProjectConfigurationPlatforms) = postSolution
		{D3C73331-EFFF-4376-A815-B91EC79316B4}.Debug|Any CPU.ActiveCfg = Debug|Any CPU
		{D3C73331-EFFF-4376-A815-B91EC79316B4}.Debug|Any CPU.Build.0 = Debug|Any CPU
		{D3C73331-EFFF-4376-A815-B91EC79316B4}.Release|Any CPU.ActiveCfg = Release|Any CPU
		{D3C73331-EFFF-4376-A815-B91EC79316B4}.Release|Any CPU.Build.0 = Release|Any CPU
		{D3C73331-EFFF-4376-A815-B91EC79316B4}.Debug|iPhoneSimulator.ActiveCfg = Debug|Any CPU
		{D3C73331-EFFF-4376-A815-B91EC79316B4}.Debug|iPhoneSimulator.Build.0 = Debug|Any CPU
		{D3C73331-EFFF-4376-A815-B91EC79316B4}.Release|iPhone.ActiveCfg = Release|Any CPU
		{D3C73331-EFFF-4376-A815-B91EC79316B4}.Release|iPhone.Build.0 = Release|Any CPU
		{D3C73331-EFFF-4376-A815-B91EC79316B4}.Release|iPhoneSimulator.ActiveCfg = Release|Any CPU
		{D3C73331-EFFF-4376-A815-B91EC79316B4}.Release|iPhoneSimulator.Build.0 = Release|Any CPU
		{D3C73331-EFFF-4376-A815-B91EC79316B4}.Debug|iPhone.ActiveCfg = Debug|Any CPU
		{D3C73331-EFFF-4376-A815-B91EC79316B4}.Debug|iPhone.Build.0 = Debug|Any CPU
		{5377C744-DB88-47AD-BD98-976ED3F5CE7D}.Debug|Any CPU.ActiveCfg = Debug|iPhoneSimulator
		{5377C744-DB88-47AD-BD98-976ED3F5CE7D}.Debug|Any CPU.Build.0 = Debug|iPhoneSimulator
		{5377C744-DB88-47AD-BD98-976ED3F5CE7D}.Release|Any CPU.ActiveCfg = Release|iPhone
		{5377C744-DB88-47AD-BD98-976ED3F5CE7D}.Release|Any CPU.Build.0 = Release|iPhone
		{5377C744-DB88-47AD-BD98-976ED3F5CE7D}.Debug|iPhoneSimulator.ActiveCfg = Debug|iPhoneSimulator
		{5377C744-DB88-47AD-BD98-976ED3F5CE7D}.Debug|iPhoneSimulator.Build.0 = Debug|iPhoneSimulator
		{5377C744-DB88-47AD-BD98-976ED3F5CE7D}.Release|iPhone.ActiveCfg = Release|iPhone
		{5377C744-DB88-47AD-BD98-976ED3F5CE7D}.Release|iPhone.Build.0 = Release|iPhone
		{5377C744-DB88-47AD-BD98-976ED3F5CE7D}.Release|iPhoneSimulator.ActiveCfg = Release|iPhoneSimulator
		{5377C744-DB88-47AD-BD98-976ED3F5CE7D}.Release|iPhoneSimulator.Build.0 = Release|iPhoneSimulator
		{5377C744-DB88-47AD-BD98-976ED3F5CE7D}.Debug|iPhone.ActiveCfg = Debug|iPhone
		{5377C744-DB88-47AD-BD98-976ED3F5CE7D}.Debug|iPhone.Build.0 = Debug|iPhone
		{CFBDB7D3-9D07-4864-9D2A-8C1F0B0A62DB}.Debug|Any CPU.ActiveCfg = Debug|Any CPU
		{CFBDB7D3-9D07-4864-9D2A-8C1F0B0A62DB}.Debug|Any CPU.Build.0 = Debug|Any CPU
		{CFBDB7D3-9D07-4864-9D2A-8C1F0B0A62DB}.Release|Any CPU.ActiveCfg = Release|Any CPU
		{CFBDB7D3-9D07-4864-9D2A-8C1F0B0A62DB}.Release|Any CPU.Build.0 = Release|Any CPU
		{CFBDB7D3-9D07-4864-9D2A-8C1F0B0A62DB}.Debug|iPhoneSimulator.ActiveCfg = Debug|Any CPU
		{CFBDB7D3-9D07-4864-9D2A-8C1F0B0A62DB}.Debug|iPhoneSimulator.Build.0 = Debug|Any CPU
		{CFBDB7D3-9D07-4864-9D2A-8C1F0B0A62DB}.Release|iPhone.ActiveCfg = Release|Any CPU
		{CFBDB7D3-9D07-4864-9D2A-8C1F0B0A62DB}.Release|iPhone.Build.0 = Release|Any CPU
		{CFBDB7D3-9D07-4864-9D2A-8C1F0B0A62DB}.Release|iPhoneSimulator.ActiveCfg = Release|Any CPU
		{CFBDB7D3-9D07-4864-9D2A-8C1F0B0A62DB}.Release|iPhoneSimulator.Build.0 = Release|Any CPU
		{CFBDB7D3-9D07-4864-9D2A-8C1F0B0A62DB}.Debug|iPhone.ActiveCfg = Debug|Any CPU
		{CFBDB7D3-9D07-4864-9D2A-8C1F0B0A62DB}.Debug|iPhone.Build.0 = Debug|Any CPU
	EndGlobalSection
EndGlobal
